
Microsoft Visual Studio Solution File, Format Version 12.00
# Visual Studio 2012
Project("{FAE04EC0-301F-11D3-BF4B-00C04F79EFBC}") = "014-ForEach", "014-ForEach\014-ForEach.csproj", "{E60167A0-D23B-420E-B782-B6D7C3DDD27E}"
EndProject
Global
	GlobalSection(SolutionConfigurationPlatforms) = preSolution
		Debug|Any CPU = Debug|Any CPU
		Release|Any CPU = Release|Any CPU
	EndGlobalSection
	GlobalSection(ProjectConfigurationPlatforms) = postSolution
		{E60167A0-D23B-420E-B782-B6D7C3DDD27E}.Debug|Any CPU.ActiveCfg = Debug|Any CPU
		{E60167A0-D23B-420E-B782-B6D7C3DDD27E}.Debug|Any CPU.Build.0 = Debug|Any CPU
		{E60167A0-D23B-420E-B782-B6D7C3DDD27E}.Release|Any CPU.ActiveCfg = Release|Any CPU
		{E60167A0-D23B-420E-B782-B6D7C3DDD27E}.Release|Any CPU.Build.0 = Release|Any CPU
	EndGlobalSection
	GlobalSection(SolutionProperties) = preSolution
		HideSolutionNode = FALSE
	EndGlobalSection
EndGlobal
