
Microsoft Visual Studio Solution File, Format Version 12.00
# Visual Studio 2012
Project("{FAE04EC0-301F-11D3-BF4B-00C04F79EFBC}") = "072-SomadoraWCF", "072-SomadoraWCF\072-SomadoraWCF.csproj", "{9647E7AC-0DA8-44D3-90BB-ABCEB71DC465}"
EndProject
Project("{FAE04EC0-301F-11D3-BF4B-00C04F79EFBC}") = "072-ClienteConsole", "072-ClienteConsole\072-ClienteConsole.csproj", "{2CB618F0-73C4-4D21-823F-9DCAE4375627}"
	ProjectSection(ProjectDependencies) = postProject
		{9647E7AC-0DA8-44D3-90BB-ABCEB71DC465} = {9647E7AC-0DA8-44D3-90BB-ABCEB71DC465}
	EndProjectSection
EndProject
Project("{FAE04EC0-301F-11D3-BF4B-00C04F79EFBC}") = "072-ClienteWeb", "072-ClienteWeb\072-ClienteWeb.csproj", "{1C4B032B-0D36-44F1-8816-3428C13BB5CC}"
	ProjectSection(ProjectDependencies) = postProject
		{9647E7AC-0DA8-44D3-90BB-ABCEB71DC465} = {9647E7AC-0DA8-44D3-90BB-ABCEB71DC465}
	EndProjectSection
EndProject
Global
	GlobalSection(SolutionConfigurationPlatforms) = preSolution
		Debug|Any CPU = Debug|Any CPU
		Release|Any CPU = Release|Any CPU
	EndGlobalSection
	GlobalSection(ProjectConfigurationPlatforms) = postSolution
		{9647E7AC-0DA8-44D3-90BB-ABCEB71DC465}.Debug|Any CPU.ActiveCfg = Debug|Any CPU
		{9647E7AC-0DA8-44D3-90BB-ABCEB71DC465}.Debug|Any CPU.Build.0 = Debug|Any CPU
		{9647E7AC-0DA8-44D3-90BB-ABCEB71DC465}.Release|Any CPU.ActiveCfg = Release|Any CPU
		{9647E7AC-0DA8-44D3-90BB-ABCEB71DC465}.Release|Any CPU.Build.0 = Release|Any CPU
		{2CB618F0-73C4-4D21-823F-9DCAE4375627}.Debug|Any CPU.ActiveCfg = Debug|Any CPU
		{2CB618F0-73C4-4D21-823F-9DCAE4375627}.Debug|Any CPU.Build.0 = Debug|Any CPU
		{2CB618F0-73C4-4D21-823F-9DCAE4375627}.Release|Any CPU.ActiveCfg = Release|Any CPU
		{2CB618F0-73C4-4D21-823F-9DCAE4375627}.Release|Any CPU.Build.0 = Release|Any CPU
		{1C4B032B-0D36-44F1-8816-3428C13BB5CC}.Debug|Any CPU.ActiveCfg = Debug|Any CPU
		{1C4B032B-0D36-44F1-8816-3428C13BB5CC}.Debug|Any CPU.Build.0 = Debug|Any CPU
		{1C4B032B-0D36-44F1-8816-3428C13BB5CC}.Release|Any CPU.ActiveCfg = Release|Any CPU
		{1C4B032B-0D36-44F1-8816-3428C13BB5CC}.Release|Any CPU.Build.0 = Release|Any CPU
	EndGlobalSection
	GlobalSection(SolutionProperties) = preSolution
		HideSolutionNode = FALSE
	EndGlobalSection
EndGlobal
