
Microsoft Visual Studio Solution File, Format Version 12.00
# Visual Studio 2012
Project("{FAE04EC0-301F-11D3-BF4B-00C04F79EFBC}") = "049-Heranca", "049-Heranca\049-Heranca.csproj", "{EA0E1353-7784-425F-97C4-1CC650E3113A}"
EndProject
Global
	GlobalSection(SolutionConfigurationPlatforms) = preSolution
		Debug|Any CPU = Debug|Any CPU
		Release|Any CPU = Release|Any CPU
	EndGlobalSection
	GlobalSection(ProjectConfigurationPlatforms) = postSolution
		{EA0E1353-7784-425F-97C4-1CC650E3113A}.Debug|Any CPU.ActiveCfg = Debug|Any CPU
		{EA0E1353-7784-425F-97C4-1CC650E3113A}.Debug|Any CPU.Build.0 = Debug|Any CPU
		{EA0E1353-7784-425F-97C4-1CC650E3113A}.Release|Any CPU.ActiveCfg = Release|Any CPU
		{EA0E1353-7784-425F-97C4-1CC650E3113A}.Release|Any CPU.Build.0 = Release|Any CPU
	EndGlobalSection
	GlobalSection(SolutionProperties) = preSolution
		HideSolutionNode = FALSE
	EndGlobalSection
EndGlobal
