
Microsoft Visual Studio Solution File, Format Version 12.00
# Visual Studio 2012
Project("{FAE04EC0-301F-11D3-BF4B-00C04F79EFBC}") = "047-YieldReturn", "047-YieldReturn\047-YieldReturn.csproj", "{A455A8F7-B814-4633-821B-CEA1C3B2457F}"
EndProject
Global
	GlobalSection(SolutionConfigurationPlatforms) = preSolution
		Debug|Any CPU = Debug|Any CPU
		Release|Any CPU = Release|Any CPU
	EndGlobalSection
	GlobalSection(ProjectConfigurationPlatforms) = postSolution
		{A455A8F7-B814-4633-821B-CEA1C3B2457F}.Debug|Any CPU.ActiveCfg = Debug|Any CPU
		{A455A8F7-B814-4633-821B-CEA1C3B2457F}.Debug|Any CPU.Build.0 = Debug|Any CPU
		{A455A8F7-B814-4633-821B-CEA1C3B2457F}.Release|Any CPU.ActiveCfg = Release|Any CPU
		{A455A8F7-B814-4633-821B-CEA1C3B2457F}.Release|Any CPU.Build.0 = Release|Any CPU
	EndGlobalSection
	GlobalSection(SolutionProperties) = preSolution
		HideSolutionNode = FALSE
	EndGlobalSection
EndGlobal
