
Microsoft Visual Studio Solution File, Format Version 12.00
# Visual Studio 2012
Project("{FAE04EC0-301F-11D3-BF4B-00C04F79EFBC}") = "039-Delegate", "039-Delegate\039-Delegate.csproj", "{B4CB52B7-50C4-477F-A722-70D4BFA9DF03}"
EndProject
Global
	GlobalSection(SolutionConfigurationPlatforms) = preSolution
		Debug|Any CPU = Debug|Any CPU
		Release|Any CPU = Release|Any CPU
	EndGlobalSection
	GlobalSection(ProjectConfigurationPlatforms) = postSolution
		{B4CB52B7-50C4-477F-A722-70D4BFA9DF03}.Debug|Any CPU.ActiveCfg = Debug|Any CPU
		{B4CB52B7-50C4-477F-A722-70D4BFA9DF03}.Debug|Any CPU.Build.0 = Debug|Any CPU
		{B4CB52B7-50C4-477F-A722-70D4BFA9DF03}.Release|Any CPU.ActiveCfg = Release|Any CPU
		{B4CB52B7-50C4-477F-A722-70D4BFA9DF03}.Release|Any CPU.Build.0 = Release|Any CPU
	EndGlobalSection
	GlobalSection(SolutionProperties) = preSolution
		HideSolutionNode = FALSE
	EndGlobalSection
EndGlobal
