
Microsoft Visual Studio Solution File, Format Version 12.00
# Visual Studio 2012
Project("{FAE04EC0-301F-11D3-BF4B-00C04F79EFBC}") = "028-Fracao", "028-Fracao\028-Fracao.csproj", "{FC13615B-604B-4286-8167-4F38A63FCA22}"
EndProject
Global
	GlobalSection(SolutionConfigurationPlatforms) = preSolution
		Debug|Any CPU = Debug|Any CPU
		Release|Any CPU = Release|Any CPU
	EndGlobalSection
	GlobalSection(ProjectConfigurationPlatforms) = postSolution
		{FC13615B-604B-4286-8167-4F38A63FCA22}.Debug|Any CPU.ActiveCfg = Debug|Any CPU
		{FC13615B-604B-4286-8167-4F38A63FCA22}.Debug|Any CPU.Build.0 = Debug|Any CPU
		{FC13615B-604B-4286-8167-4F38A63FCA22}.Release|Any CPU.ActiveCfg = Release|Any CPU
		{FC13615B-604B-4286-8167-4F38A63FCA22}.Release|Any CPU.Build.0 = Release|Any CPU
	EndGlobalSection
	GlobalSection(SolutionProperties) = preSolution
		HideSolutionNode = FALSE
	EndGlobalSection
EndGlobal
