
Microsoft Visual Studio Solution File, Format Version 12.00
# Visual Studio 2012
Project("{FAE04EC0-301F-11D3-BF4B-00C04F79EFBC}") = "085-Bind", "085-Bind\085-Bind.csproj", "{C134EEB7-E7BB-4EFD-BC29-1481C030558F}"
EndProject
Global
	GlobalSection(SolutionConfigurationPlatforms) = preSolution
		Debug|Any CPU = Debug|Any CPU
		Release|Any CPU = Release|Any CPU
	EndGlobalSection
	GlobalSection(ProjectConfigurationPlatforms) = postSolution
		{C134EEB7-E7BB-4EFD-BC29-1481C030558F}.Debug|Any CPU.ActiveCfg = Debug|Any CPU
		{C134EEB7-E7BB-4EFD-BC29-1481C030558F}.Debug|Any CPU.Build.0 = Debug|Any CPU
		{C134EEB7-E7BB-4EFD-BC29-1481C030558F}.Release|Any CPU.ActiveCfg = Release|Any CPU
		{C134EEB7-E7BB-4EFD-BC29-1481C030558F}.Release|Any CPU.Build.0 = Release|Any CPU
	EndGlobalSection
	GlobalSection(SolutionProperties) = preSolution
		HideSolutionNode = FALSE
	EndGlobalSection
EndGlobal
