
Microsoft Visual Studio Solution File, Format Version 12.00
# Visual Studio 2012
Project("{FAE04EC0-301F-11D3-BF4B-00C04F79EFBC}") = "072-MultiThread", "072-MultiThread\072-MultiThread.csproj", "{2CFF5C2E-B582-4D9C-BC44-EF76F4350B6A}"
EndProject
Global
	GlobalSection(SolutionConfigurationPlatforms) = preSolution
		Debug|Any CPU = Debug|Any CPU
		Release|Any CPU = Release|Any CPU
	EndGlobalSection
	GlobalSection(ProjectConfigurationPlatforms) = postSolution
		{2CFF5C2E-B582-4D9C-BC44-EF76F4350B6A}.Debug|Any CPU.ActiveCfg = Debug|Any CPU
		{2CFF5C2E-B582-4D9C-BC44-EF76F4350B6A}.Debug|Any CPU.Build.0 = Debug|Any CPU
		{2CFF5C2E-B582-4D9C-BC44-EF76F4350B6A}.Release|Any CPU.ActiveCfg = Release|Any CPU
		{2CFF5C2E-B582-4D9C-BC44-EF76F4350B6A}.Release|Any CPU.Build.0 = Release|Any CPU
	EndGlobalSection
	GlobalSection(SolutionProperties) = preSolution
		HideSolutionNode = FALSE
	EndGlobalSection
EndGlobal
