
Microsoft Visual Studio Solution File, Format Version 12.00
# Visual Studio 2012
Project("{FAE04EC0-301F-11D3-BF4B-00C04F79EFBC}") = "071-WebService", "071-WebService\071-WebService.csproj", "{9A35ADDD-4772-4F94-AA61-92C5E8C7C1D9}"
EndProject
Global
	GlobalSection(SolutionConfigurationPlatforms) = preSolution
		Debug|Any CPU = Debug|Any CPU
		Release|Any CPU = Release|Any CPU
	EndGlobalSection
	GlobalSection(ProjectConfigurationPlatforms) = postSolution
		{9A35ADDD-4772-4F94-AA61-92C5E8C7C1D9}.Debug|Any CPU.ActiveCfg = Debug|Any CPU
		{9A35ADDD-4772-4F94-AA61-92C5E8C7C1D9}.Debug|Any CPU.Build.0 = Debug|Any CPU
		{9A35ADDD-4772-4F94-AA61-92C5E8C7C1D9}.Release|Any CPU.ActiveCfg = Release|Any CPU
		{9A35ADDD-4772-4F94-AA61-92C5E8C7C1D9}.Release|Any CPU.Build.0 = Release|Any CPU
	EndGlobalSection
	GlobalSection(SolutionProperties) = preSolution
		HideSolutionNode = FALSE
	EndGlobalSection
EndGlobal
