
Microsoft Visual Studio Solution File, Format Version 12.00
# Visual Studio 2012
Project("{FAE04EC0-301F-11D3-BF4B-00C04F79EFBC}") = "011-Switch", "011-Switch\011-Switch.csproj", "{AE74AC3C-757C-4630-B89A-1001D659EAAD}"
EndProject
Global
	GlobalSection(SolutionConfigurationPlatforms) = preSolution
		Debug|Any CPU = Debug|Any CPU
		Release|Any CPU = Release|Any CPU
	EndGlobalSection
	GlobalSection(ProjectConfigurationPlatforms) = postSolution
		{AE74AC3C-757C-4630-B89A-1001D659EAAD}.Debug|Any CPU.ActiveCfg = Debug|Any CPU
		{AE74AC3C-757C-4630-B89A-1001D659EAAD}.Debug|Any CPU.Build.0 = Debug|Any CPU
		{AE74AC3C-757C-4630-B89A-1001D659EAAD}.Release|Any CPU.ActiveCfg = Release|Any CPU
		{AE74AC3C-757C-4630-B89A-1001D659EAAD}.Release|Any CPU.Build.0 = Release|Any CPU
	EndGlobalSection
	GlobalSection(SolutionProperties) = preSolution
		HideSolutionNode = FALSE
	EndGlobalSection
EndGlobal
