
Microsoft Visual Studio Solution File, Format Version 12.00
# Visual Studio 2012
Project("{FAE04EC0-301F-11D3-BF4B-00C04F79EFBC}") = "016-Do", "016-Do\016-Do.csproj", "{F16C27EB-8512-4667-A796-C8396E7D0A03}"
EndProject
Global
	GlobalSection(SolutionConfigurationPlatforms) = preSolution
		Debug|Any CPU = Debug|Any CPU
		Release|Any CPU = Release|Any CPU
	EndGlobalSection
	GlobalSection(ProjectConfigurationPlatforms) = postSolution
		{F16C27EB-8512-4667-A796-C8396E7D0A03}.Debug|Any CPU.ActiveCfg = Debug|Any CPU
		{F16C27EB-8512-4667-A796-C8396E7D0A03}.Debug|Any CPU.Build.0 = Debug|Any CPU
		{F16C27EB-8512-4667-A796-C8396E7D0A03}.Release|Any CPU.ActiveCfg = Release|Any CPU
		{F16C27EB-8512-4667-A796-C8396E7D0A03}.Release|Any CPU.Build.0 = Release|Any CPU
	EndGlobalSection
	GlobalSection(SolutionProperties) = preSolution
		HideSolutionNode = FALSE
	EndGlobalSection
EndGlobal
